
Microsoft Visual Studio Solution File, Format Version 12.00
# Visual Studio Version 17
VisualStudioVersion = 17.10.35013.160
MinimumVisualStudioVersion = 10.0.40219.1
Project("{9A19103F-16F7-4668-BE54-9A1E7A4F7556}") = "ToDoApp.GraphQLApi.HotChocolate", "ToDoApp.GraphQLApi.HotChocolate.csproj", "{0A047D28-A67C-4791-9709-2DF82C8CC4F6}"
EndProject
Project("{9A19103F-16F7-4668-BE54-9A1E7A4F7556}") = "ToDoApp.Data.Sqlite", "..\ToDoApp.Data.Sqlite\ToDoApp.Data.Sqlite.csproj", "{269FDCDA-8326-497C-8A11-19D1878F869F}"
EndProject
Global
	GlobalSection(SolutionConfigurationPlatforms) = preSolution
		Debug|Any CPU = Debug|Any CPU
		Release|Any CPU = Release|Any CPU
	EndGlobalSection
	GlobalSection(ProjectConfigurationPlatforms) = postSolution
		{0A047D28-A67C-4791-9709-2DF82C8CC4F6}.Debug|Any CPU.ActiveCfg = Debug|Any CPU
		{0A047D28-A67C-4791-9709-2DF82C8CC4F6}.Debug|Any CPU.Build.0 = Debug|Any CPU
		{0A047D28-A67C-4791-9709-2DF82C8CC4F6}.Release|Any CPU.ActiveCfg = Release|Any CPU
		{0A047D28-A67C-4791-9709-2DF82C8CC4F6}.Release|Any CPU.Build.0 = Release|Any CPU
		{269FDCDA-8326-497C-8A11-19D1878F869F}.Debug|Any CPU.ActiveCfg = Debug|Any CPU
		{269FDCDA-8326-497C-8A11-19D1878F869F}.Debug|Any CPU.Build.0 = Debug|Any CPU
		{269FDCDA-8326-497C-8A11-19D1878F869F}.Release|Any CPU.ActiveCfg = Release|Any CPU
		{269FDCDA-8326-497C-8A11-19D1878F869F}.Release|Any CPU.Build.0 = Release|Any CPU
	EndGlobalSection
	GlobalSection(SolutionProperties) = preSolution
		HideSolutionNode = FALSE
	EndGlobalSection
	GlobalSection(ExtensibilityGlobals) = postSolution
		SolutionGuid = {FC4C3D7C-DE59-4EF5-B8BC-5A0CBEB5B0C1}
	EndGlobalSection
EndGlobal
